
Microsoft Visual Studio Solution File, Format Version 12.00
# Visual Studio Version 16
VisualStudioVersion = 16.0.30621.155
MinimumVisualStudioVersion = 10.0.40219.1
Project("{FAE04EC0-301F-11D3-BF4B-00C04F79EFBC}") = "Perimeter-AreaCalculatorFormApp", "Perimeter-AreaCalculatorFormApp\Perimeter-AreaCalculatorFormApp.csproj", "{DA8AFDCA-D11B-48FD-8647-A4B14173D114}"
EndProject
Global
	GlobalSection(SolutionConfigurationPlatforms) = preSolution
		Debug|Any CPU = Debug|Any CPU
		Release|Any CPU = Release|Any CPU
	EndGlobalSection
	GlobalSection(ProjectConfigurationPlatforms) = postSolution
		{DA8AFDCA-D11B-48FD-8647-A4B14173D114}.Debug|Any CPU.ActiveCfg = Debug|Any CPU
		{DA8AFDCA-D11B-48FD-8647-A4B14173D114}.Debug|Any CPU.Build.0 = Debug|Any CPU
		{DA8AFDCA-D11B-48FD-8647-A4B14173D114}.Release|Any CPU.ActiveCfg = Release|Any CPU
		{DA8AFDCA-D11B-48FD-8647-A4B14173D114}.Release|Any CPU.Build.0 = Release|Any CPU
	EndGlobalSection
	GlobalSection(SolutionProperties) = preSolution
		HideSolutionNode = FALSE
	EndGlobalSection
	GlobalSection(ExtensibilityGlobals) = postSolution
		SolutionGuid = {927FAF05-67CD-437A-BBF7-58169B058B7E}
	EndGlobalSection
EndGlobal
